
Microsoft Visual Studio Solution File, Format Version 12.00
# Visual Studio Version 17
VisualStudioVersion = 17.3.32804.467
MinimumVisualStudioVersion = 10.0.40219.1
Project("{FAE04EC0-301F-11D3-BF4B-00C04F79EFBC}") = "BlazorApp", "BlazorApp\BlazorApp.csproj", "{CAC77E85-2DFF-44D1-9C52-2DE56FDC5559}"
EndProject
Global
	GlobalSection(SolutionConfigurationPlatforms) = preSolution
		Debug|Any CPU = Debug|Any CPU
		Release|Any CPU = Release|Any CPU
	EndGlobalSection
	GlobalSection(ProjectConfigurationPlatforms) = postSolution
		{CAC77E85-2DFF-44D1-9C52-2DE56FDC5559}.Debug|Any CPU.ActiveCfg = Debug|Any CPU
		{CAC77E85-2DFF-44D1-9C52-2DE56FDC5559}.Debug|Any CPU.Build.0 = Debug|Any CPU
		{CAC77E85-2DFF-44D1-9C52-2DE56FDC5559}.Release|Any CPU.ActiveCfg = Release|Any CPU
		{CAC77E85-2DFF-44D1-9C52-2DE56FDC5559}.Release|Any CPU.Build.0 = Release|Any CPU
	EndGlobalSection
	GlobalSection(SolutionProperties) = preSolution
		HideSolutionNode = FALSE
	EndGlobalSection
	GlobalSection(ExtensibilityGlobals) = postSolution
		SolutionGuid = {12472767-56CA-4F70-8EE2-25555EAA5653}
	EndGlobalSection
EndGlobal
